{
    "_readme": [
        "This file locks the dependencies of your project to a known state",
        "Read more about it at http://getcomposer.org/doc/01-basic-usage.md#composer-lock-the-lock-file"
    ],
    "hash": "30e6965ffcb929fc684db7daa25e9fa2",
    "packages": [
        {
            "name": "ezyang/htmlpurifier",
            "version": "v4.5.0",
            "source": {
                "type": "git",
                "url": "https://github.com/ezyang/htmlpurifier.git",
                "reference": "d516e2f8de435ea78cc6152abc425d3ff2c4d289"
            },
            "dist": {
                "type": "zip",
                "url": "https://api.github.com/repos/ezyang/htmlpurifier/zipball/d516e2f8de435ea78cc6152abc425d3ff2c4d289",
                "reference": "d516e2f8de435ea78cc6152abc425d3ff2c4d289",
                "shasum": ""
            },
            "require": {
                "php": ">=5.2"
            },
            "type": "library",
            "autoload": {
                "psr-0": {
                    "HTMLPurifier": "library/"
                },
                "files": [
                    "library/HTMLPurifier.composer.php"
                ]
            },
            "notification-url": "https://packagist.org/downloads/",
            "license": [
                "LGPL"
            ],
            "authors": [
                {
                    "name": "Edward Z. Yang",
                    "email": "admin@htmlpurifier.org",
                    "homepage": "http://ezyang.com"
                }
            ],
            "description": "Standards compliant HTML filter written in PHP",
            "homepage": "http://htmlpurifier.org/",
            "keywords": [
                "html"
            ],
            "time": "2013-02-18 00:04:08"
        },
        {
            "name": "filp/whoops",
            "version": "1.0.8",
            "source": {
                "type": "git",
                "url": "https://github.com/filp/whoops.git",
                "reference": "d086796e7cfb59f532d07738e5e4cf0ac3c6deb8"
            },
            "dist": {
                "type": "zip",
                "url": "https://api.github.com/repos/filp/whoops/zipball/d086796e7cfb59f532d07738e5e4cf0ac3c6deb8",
                "reference": "d086796e7cfb59f532d07738e5e4cf0ac3c6deb8",
                "shasum": ""
            },
            "require": {
                "php": ">=5.3.0"
            },
            "require-dev": {
                "mockery/mockery": "dev-master",
                "silex/silex": "1.0.*@dev"
            },
            "type": "library",
            "autoload": {
                "psr-0": {
                    "Whoops": "src/"
                }
            },
            "notification-url": "https://packagist.org/downloads/",
            "license": [
                "MIT"
            ],
            "authors": [
                {
                    "name": "Filipe Dobreira",
                    "homepage": "https://github.com/filp",
                    "role": "Developer"
                }
            ],
            "description": "php error handling for cool kids",
            "homepage": "https://github.com/filp/whoops",
            "keywords": [
                "error",
                "exception",
                "handling",
                "library",
                "silex-provider",
                "whoops",
                "zf2"
            ],
            "time": "2013-08-06 20:39:59"
        },
        {
            "name": "michelf/php-markdown",
            "version": "dev-lib",
            "source": {
                "type": "git",
                "url": "https://github.com/michelf/php-markdown.git",
                "reference": "9dbd8352deac7d3a00ba9e2360b0d9f1c31b4b4c"
            },
            "dist": {
                "type": "zip",
                "url": "https://api.github.com/repos/michelf/php-markdown/zipball/9dbd8352deac7d3a00ba9e2360b0d9f1c31b4b4c",
                "reference": "9dbd8352deac7d3a00ba9e2360b0d9f1c31b4b4c",
                "shasum": ""
            },
            "require": {
                "php": ">=5.3.0"
            },
            "type": "library",
            "extra": {
                "branch-alias": {
                    "dev-lib": "1.3.x-dev"
                }
            },
            "autoload": {
                "psr-0": {
                    "Michelf": ""
                }
            },
            "notification-url": "https://packagist.org/downloads/",
            "license": [
                "BSD-3-Clause"
            ],
            "authors": [
                {
                    "name": "Michel Fortin",
                    "email": "michel.fortin@michelf.ca",
                    "homepage": "http://michelf.ca/",
                    "role": "Developer"
                },
                {
                    "name": "John Gruber",
                    "homepage": "http://daringfireball.net/"
                }
            ],
            "description": "PHP Markdown",
            "homepage": "http://michelf.ca/projects/php-markdown/",
            "keywords": [
                "markdown"
            ],
            "time": "2013-08-02 10:50:14"
        },
        {
            "name": "phalcon/incubator",
            "version": "dev-master",
            "source": {
                "type": "git",
                "url": "https://github.com/phalcon/incubator.git",
                "reference": "f048c98b3fee26af3be035f32c904e74eac4795f"
            },
            "dist": {
                "type": "zip",
                "url": "https://api.github.com/repos/phalcon/incubator/zipball/f048c98b3fee26af3be035f32c904e74eac4795f",
                "reference": "f048c98b3fee26af3be035f32c904e74eac4795f",
                "shasum": ""
            },
            "require": {
                "php": ">=5.3.6"
            },
            "type": "library",
            "autoload": {
                "psr-0": {
                    "Phalcon": "Library/"
                }
            },
            "notification-url": "https://packagist.org/downloads/",
            "license": [
                "BSD-3"
            ],
            "authors": [
                {
                    "name": "Phalcon Team",
                    "email": "team@phalconphp.com"
                }
            ],
            "description": "Adapters, prototypes or functionality that can be potentially incorporated to the C-framework.",
            "homepage": "http://phalconphp.com",
            "keywords": [
                "framework",
                "phalcon"
            ],
            "time": "2013-09-23 02:10:36"
        },
        {
            "name": "phpseclib/phpseclib",
            "version": "dev-master",
            "source": {
                "type": "git",
                "url": "https://github.com/phpseclib/phpseclib.git",
                "reference": "77447a3fc7869773007fa3beeb8d6f8de842ec2a"
            },
            "dist": {
                "type": "zip",
                "url": "https://api.github.com/repos/phpseclib/phpseclib/zipball/77447a3fc7869773007fa3beeb8d6f8de842ec2a",
                "reference": "77447a3fc7869773007fa3beeb8d6f8de842ec2a",
                "shasum": ""
            },
            "require": {
                "php": ">=5.0.0"
            },
            "suggest": {
                "ext-gmp": "Install the GMP (GNU Multiple Precision) extension in order to speed up arbitrary precision integer arithmetic operations.",
                "ext-mcrypt": "Install the Mcrypt extension in order to speed up a wide variety of cryptographic operations.",
                "pear-pear/PHP_Compat": "Install PHP_Compat to get phpseclib working on PHP >= 4.3.3."
            },
            "type": "library",
            "extra": {
                "branch-alias": {
                    "dev-master": "0.3-dev"
                }
            },
            "autoload": {
                "psr-0": {
                    "Crypt": "phpseclib/",
                    "File": "phpseclib/",
                    "Math": "phpseclib/",
                    "Net": "phpseclib/"
                },
                "files": [
                    "phpseclib/Crypt/Random.php"
                ]
            },
            "notification-url": "https://packagist.org/downloads/",
            "include-path": [
                "phpseclib/"
            ],
            "license": [
                "MIT"
            ],
            "authors": [
                {
                    "name": "Jim Wigginton",
                    "email": "terrafrost@php.net",
                    "role": "Developer"
                }
            ],
            "description": "PHP Secure Communications Library - Pure-PHP implementations of RSA, AES, SSH2, SFTP, X.509 etc.",
            "homepage": "http://phpseclib.sourceforge.net",
            "keywords": [
                "BigInteger",
                "aes",
                "asn.1",
                "asn1",
                "crypto",
                "cryptography",
                "encryption",
                "rsa",
                "security",
                "sftp",
                "signature",
                "signing",
                "ssh",
                "x.509",
                "x509"
            ],
            "time": "2013-09-20 17:14:01"
        }
    ],
    "packages-dev": [

    ],
    "aliases": [

    ],
    "minimum-stability": "stable",
    "stability-flags": {
        "phalcon/incubator": 20,
        "phpseclib/phpseclib": 20,
        "michelf/php-markdown": 20
    },
    "platform": [

    ],
    "platform-dev": [

    ]
}
